{
  "name": "proyecto_parqueadero",
  "lockfileVersion": 3,
  "requires": true,
  "packages": {
    "": {
      "devDependencies": {
        "typeorm-ts-node-commonjs": "^0.3.20"
      }
    },
    "node_modules/typeorm-ts-node-commonjs": {
      "version": "0.3.20",
      "resolved": "https://registry.npmjs.org/typeorm-ts-node-commonjs/-/typeorm-ts-node-commonjs-0.3.20.tgz",
      "integrity": "sha512-lXjve7w7OcF3s5+dHnCsrBjUTukpVeiS0bDe5KDXWcDx8TyRW0GTTg9kjWgHzFgHgBIBBu4WGXM0iuGpEgaV9g==",
      "dev": true,
      "license": "UNLICENSED",
      "bin": {
        "typeorm-ts-node-commonjs": "wrapper.sh"
      }
    }
  }
}
